github.com/kolosys/atomic/collection v1.0.0 h1:3FtBwWL/uNE4pxqZ/FW3EXJ/Qwqh7RPDNjaTHrRWPuQ=
github.com/kolosys/atomic/collection v1.0.0/go.mod h1:HLFX9wzQEhKj9wcNJ6FnNXYlBVa7zVwR6uLY/9sBk3s=
github.com/kolosys/synapse v0.2.0 h1:77EXNSU5KylToM3h5ZqkL1E14IMyhCjtGKN5WNbR9es=
github.com/kolosys/synapse v0.2.0/go.mod h1:vuFOCOO8mn4eY0Qpd9gjNIigZ16s+OBtHU3qf/pvpJs=
